
Microsoft Visual Studio Solution File, Format Version 12.00
# Visual Studio Version 17
VisualStudioVersion = 17.8.34330.188
MinimumVisualStudioVersion = 10.0.40219.1
Project("{9A19103F-16F7-4668-BE54-9A1E7A4F7556}") = "SSHInfo", "SSHInfo\SSHInfo.csproj", "{0B675D30-406D-4B6F-9202-84BE04F136AF}"
EndProject
Project("{2150E333-8FDC-42A3-9474-1A3956D46DE8}") = "Frontend", "Frontend", "{197B3E9F-B5E5-42DC-BF5C-C7F0450F5D17}"
EndProject
Project("{FAE04EC0-301F-11D3-BF4B-00C04F79EFBC}") = "SSHFRONTEND", "Frontend\SSHFRONTEND\SSHFRONTEND.csproj", "{B72C9789-0005-4BF8-A2A2-9374D59574B4}"
EndProject
Global
	GlobalSection(SolutionConfigurationPlatforms) = preSolution
		Debug|Any CPU = Debug|Any CPU
		Release|Any CPU = Release|Any CPU
	EndGlobalSection
	GlobalSection(ProjectConfigurationPlatforms) = postSolution
		{0B675D30-406D-4B6F-9202-84BE04F136AF}.Debug|Any CPU.ActiveCfg = Debug|Any CPU
		{0B675D30-406D-4B6F-9202-84BE04F136AF}.Debug|Any CPU.Build.0 = Debug|Any CPU
		{0B675D30-406D-4B6F-9202-84BE04F136AF}.Release|Any CPU.ActiveCfg = Release|Any CPU
		{0B675D30-406D-4B6F-9202-84BE04F136AF}.Release|Any CPU.Build.0 = Release|Any CPU
		{B72C9789-0005-4BF8-A2A2-9374D59574B4}.Debug|Any CPU.ActiveCfg = Debug|Any CPU
		{B72C9789-0005-4BF8-A2A2-9374D59574B4}.Debug|Any CPU.Build.0 = Debug|Any CPU
		{B72C9789-0005-4BF8-A2A2-9374D59574B4}.Release|Any CPU.ActiveCfg = Release|Any CPU
		{B72C9789-0005-4BF8-A2A2-9374D59574B4}.Release|Any CPU.Build.0 = Release|Any CPU
	EndGlobalSection
	GlobalSection(SolutionProperties) = preSolution
		HideSolutionNode = FALSE
	EndGlobalSection
	GlobalSection(NestedProjects) = preSolution
		{B72C9789-0005-4BF8-A2A2-9374D59574B4} = {197B3E9F-B5E5-42DC-BF5C-C7F0450F5D17}
	EndGlobalSection
	GlobalSection(ExtensibilityGlobals) = postSolution
		SolutionGuid = {82B93675-971C-4ADB-8FF5-B6785503158C}
	EndGlobalSection
EndGlobal
